
Microsoft Visual Studio Solution File, Format Version 12.00
# Visual Studio Express 15 for Windows Desktop
VisualStudioVersion = 15.0.28307.779
MinimumVisualStudioVersion = 10.0.40219.1
Project("{FAE04EC0-301F-11D3-BF4B-00C04F79EFBC}") = "Practica", "Practica\Practica.csproj", "{49934F3A-DDF1-4B26-8D1F-226458AA4363}"
EndProject
Project("{FAE04EC0-301F-11D3-BF4B-00C04F79EFBC}") = "Entidades", "Entidades\Entidades.csproj", "{446D883A-09DA-42C5-9681-2AF8EF50FBA6}"
EndProject
Project("{FAE04EC0-301F-11D3-BF4B-00C04F79EFBC}") = "FormSistemaSolar", "FormSistemaSolar\FormSistemaSolar.csproj", "{8197921E-C487-48C8-AEDB-B6E3CAAC6220}"
EndProject
Global
	GlobalSection(SolutionConfigurationPlatforms) = preSolution
		Debug|Any CPU = Debug|Any CPU
		Release|Any CPU = Release|Any CPU
	EndGlobalSection
	GlobalSection(ProjectConfigurationPlatforms) = postSolution
		{49934F3A-DDF1-4B26-8D1F-226458AA4363}.Debug|Any CPU.ActiveCfg = Debug|Any CPU
		{49934F3A-DDF1-4B26-8D1F-226458AA4363}.Debug|Any CPU.Build.0 = Debug|Any CPU
		{49934F3A-DDF1-4B26-8D1F-226458AA4363}.Release|Any CPU.ActiveCfg = Release|Any CPU
		{49934F3A-DDF1-4B26-8D1F-226458AA4363}.Release|Any CPU.Build.0 = Release|Any CPU
		{446D883A-09DA-42C5-9681-2AF8EF50FBA6}.Debug|Any CPU.ActiveCfg = Debug|Any CPU
		{446D883A-09DA-42C5-9681-2AF8EF50FBA6}.Debug|Any CPU.Build.0 = Debug|Any CPU
		{446D883A-09DA-42C5-9681-2AF8EF50FBA6}.Release|Any CPU.ActiveCfg = Release|Any CPU
		{446D883A-09DA-42C5-9681-2AF8EF50FBA6}.Release|Any CPU.Build.0 = Release|Any CPU
		{8197921E-C487-48C8-AEDB-B6E3CAAC6220}.Debug|Any CPU.ActiveCfg = Debug|Any CPU
		{8197921E-C487-48C8-AEDB-B6E3CAAC6220}.Debug|Any CPU.Build.0 = Debug|Any CPU
		{8197921E-C487-48C8-AEDB-B6E3CAAC6220}.Release|Any CPU.ActiveCfg = Release|Any CPU
		{8197921E-C487-48C8-AEDB-B6E3CAAC6220}.Release|Any CPU.Build.0 = Release|Any CPU
	EndGlobalSection
	GlobalSection(SolutionProperties) = preSolution
		HideSolutionNode = FALSE
	EndGlobalSection
	GlobalSection(ExtensibilityGlobals) = postSolution
		SolutionGuid = {719A66EF-8704-4473-90F0-2B45EE794DD9}
	EndGlobalSection
EndGlobal
