
Microsoft Visual Studio Solution File, Format Version 12.00
# Visual Studio Express 15 for Windows Desktop
VisualStudioVersion = 15.0.28307.779
MinimumVisualStudioVersion = 10.0.40219.1
Project("{FAE04EC0-301F-11D3-BF4B-00C04F79EFBC}") = "ComiqueriaApp", "ComiqueriaApp\ComiqueriaApp.csproj", "{EE473F46-6A42-4285-ACE9-D77CED9F0B95}"
EndProject
Project("{FAE04EC0-301F-11D3-BF4B-00C04F79EFBC}") = "ComiqueriaLogic", "ComiqueriaLogic\ComiqueriaLogic.csproj", "{2DFD9E11-5708-4963-944A-E5B5A849E18A}"
EndProject
Global
	GlobalSection(SolutionConfigurationPlatforms) = preSolution
		Debug|Any CPU = Debug|Any CPU
		Release|Any CPU = Release|Any CPU
	EndGlobalSection
	GlobalSection(ProjectConfigurationPlatforms) = postSolution
		{EE473F46-6A42-4285-ACE9-D77CED9F0B95}.Debug|Any CPU.ActiveCfg = Debug|Any CPU
		{EE473F46-6A42-4285-ACE9-D77CED9F0B95}.Debug|Any CPU.Build.0 = Debug|Any CPU
		{EE473F46-6A42-4285-ACE9-D77CED9F0B95}.Release|Any CPU.ActiveCfg = Release|Any CPU
		{EE473F46-6A42-4285-ACE9-D77CED9F0B95}.Release|Any CPU.Build.0 = Release|Any CPU
		{2DFD9E11-5708-4963-944A-E5B5A849E18A}.Debug|Any CPU.ActiveCfg = Debug|Any CPU
		{2DFD9E11-5708-4963-944A-E5B5A849E18A}.Debug|Any CPU.Build.0 = Debug|Any CPU
		{2DFD9E11-5708-4963-944A-E5B5A849E18A}.Release|Any CPU.ActiveCfg = Release|Any CPU
		{2DFD9E11-5708-4963-944A-E5B5A849E18A}.Release|Any CPU.Build.0 = Release|Any CPU
	EndGlobalSection
	GlobalSection(SolutionProperties) = preSolution
		HideSolutionNode = FALSE
	EndGlobalSection
	GlobalSection(ExtensibilityGlobals) = postSolution
		SolutionGuid = {B8B707CF-EF5F-42BD-A0E4-1629CF5CE7A5}
	EndGlobalSection
EndGlobal
