
Microsoft Visual Studio Solution File, Format Version 12.00
# Visual Studio Express 15 for Windows Desktop
VisualStudioVersion = 15.0.28307.779
MinimumVisualStudioVersion = 10.0.40219.1
Project("{FAE04EC0-301F-11D3-BF4B-00C04F79EFBC}") = "VistaConsola", "VistaConsola\VistaConsola.csproj", "{3B36FF60-25F9-44D5-B8BE-CDE8FC8A44E1}"
EndProject
Project("{FAE04EC0-301F-11D3-BF4B-00C04F79EFBC}") = "Entidades", "Entidades\Entidades.csproj", "{8A6559ED-D802-4465-B7B5-C54E6F542E4B}"
EndProject
Project("{FAE04EC0-301F-11D3-BF4B-00C04F79EFBC}") = "VistaForm", "VistaForm\VistaForm.csproj", "{09A12AD2-CEB1-4270-A28F-0E7627AA8E8C}"
EndProject
Global
	GlobalSection(SolutionConfigurationPlatforms) = preSolution
		Debug|Any CPU = Debug|Any CPU
		Release|Any CPU = Release|Any CPU
	EndGlobalSection
	GlobalSection(ProjectConfigurationPlatforms) = postSolution
		{3B36FF60-25F9-44D5-B8BE-CDE8FC8A44E1}.Debug|Any CPU.ActiveCfg = Debug|Any CPU
		{3B36FF60-25F9-44D5-B8BE-CDE8FC8A44E1}.Debug|Any CPU.Build.0 = Debug|Any CPU
		{3B36FF60-25F9-44D5-B8BE-CDE8FC8A44E1}.Release|Any CPU.ActiveCfg = Release|Any CPU
		{3B36FF60-25F9-44D5-B8BE-CDE8FC8A44E1}.Release|Any CPU.Build.0 = Release|Any CPU
		{8A6559ED-D802-4465-B7B5-C54E6F542E4B}.Debug|Any CPU.ActiveCfg = Debug|Any CPU
		{8A6559ED-D802-4465-B7B5-C54E6F542E4B}.Debug|Any CPU.Build.0 = Debug|Any CPU
		{8A6559ED-D802-4465-B7B5-C54E6F542E4B}.Release|Any CPU.ActiveCfg = Release|Any CPU
		{8A6559ED-D802-4465-B7B5-C54E6F542E4B}.Release|Any CPU.Build.0 = Release|Any CPU
		{09A12AD2-CEB1-4270-A28F-0E7627AA8E8C}.Debug|Any CPU.ActiveCfg = Debug|Any CPU
		{09A12AD2-CEB1-4270-A28F-0E7627AA8E8C}.Debug|Any CPU.Build.0 = Debug|Any CPU
		{09A12AD2-CEB1-4270-A28F-0E7627AA8E8C}.Release|Any CPU.ActiveCfg = Release|Any CPU
		{09A12AD2-CEB1-4270-A28F-0E7627AA8E8C}.Release|Any CPU.Build.0 = Release|Any CPU
	EndGlobalSection
	GlobalSection(SolutionProperties) = preSolution
		HideSolutionNode = FALSE
	EndGlobalSection
	GlobalSection(ExtensibilityGlobals) = postSolution
		SolutionGuid = {F61C2F3D-7E93-4BDF-92F4-B07911C9CA80}
	EndGlobalSection
EndGlobal
